
Microsoft Visual Studio Solution File, Format Version 12.00
# Visual Studio 15
VisualStudioVersion = 15.0.28307.136
MinimumVisualStudioVersion = 10.0.40219.1
Project("{FAE04EC0-301F-11D3-BF4B-00C04F79EFBC}") = "SnackMachineDDD.Logic", "SnackMachineDDD.Logic\SnackMachineDDD.Logic.csproj", "{9F1E174D-FCA9-4801-8E54-298994B105A9}"
EndProject
Project("{FAE04EC0-301F-11D3-BF4B-00C04F79EFBC}") = "SnackMachineDDD.Tests", "SnackMachineDDD.Tests\SnackMachineDDD.Tests.csproj", "{02C65347-EAF6-4C2F-B25E-9A09C89EA8F0}"
EndProject
Project("{FAE04EC0-301F-11D3-BF4B-00C04F79EFBC}") = "SnackMachineDDD.UI", "SnackMachineDDD.UI\SnackMachineDDD.UI.csproj", "{22298B76-87EC-4C16-A393-CA2D780CA15D}"
EndProject
Global
	GlobalSection(SolutionConfigurationPlatforms) = preSolution
		Debug|Any CPU = Debug|Any CPU
		Release|Any CPU = Release|Any CPU
	EndGlobalSection
	GlobalSection(ProjectConfigurationPlatforms) = postSolution
		{9F1E174D-FCA9-4801-8E54-298994B105A9}.Debug|Any CPU.ActiveCfg = Debug|Any CPU
		{9F1E174D-FCA9-4801-8E54-298994B105A9}.Debug|Any CPU.Build.0 = Debug|Any CPU
		{9F1E174D-FCA9-4801-8E54-298994B105A9}.Release|Any CPU.ActiveCfg = Release|Any CPU
		{9F1E174D-FCA9-4801-8E54-298994B105A9}.Release|Any CPU.Build.0 = Release|Any CPU
		{02C65347-EAF6-4C2F-B25E-9A09C89EA8F0}.Debug|Any CPU.ActiveCfg = Debug|Any CPU
		{02C65347-EAF6-4C2F-B25E-9A09C89EA8F0}.Debug|Any CPU.Build.0 = Debug|Any CPU
		{02C65347-EAF6-4C2F-B25E-9A09C89EA8F0}.Release|Any CPU.ActiveCfg = Release|Any CPU
		{02C65347-EAF6-4C2F-B25E-9A09C89EA8F0}.Release|Any CPU.Build.0 = Release|Any CPU
		{22298B76-87EC-4C16-A393-CA2D780CA15D}.Debug|Any CPU.ActiveCfg = Debug|Any CPU
		{22298B76-87EC-4C16-A393-CA2D780CA15D}.Debug|Any CPU.Build.0 = Debug|Any CPU
		{22298B76-87EC-4C16-A393-CA2D780CA15D}.Release|Any CPU.ActiveCfg = Release|Any CPU
		{22298B76-87EC-4C16-A393-CA2D780CA15D}.Release|Any CPU.Build.0 = Release|Any CPU
	EndGlobalSection
	GlobalSection(SolutionProperties) = preSolution
		HideSolutionNode = FALSE
	EndGlobalSection
	GlobalSection(ExtensibilityGlobals) = postSolution
		SolutionGuid = {77049AD4-D9A7-4C14-B7C8-CAEB2FC44B24}
	EndGlobalSection
EndGlobal
